// !$*UTF8*$!
{
	archiveVersion = 1;
	classes = {
	};
	objectVersion = 50;
	objects = {

/* Begin PBXBuildFile section */
		CE8E274E22E83FE200A559E2 /* Date+Extension.swift in Sources */ = {isa = PBXBuildFile; fileRef = CE8E274D22E83FE200A559E2 /* Date+Extension.swift */; };
		CEC442B522E6399F007D0711 /* ToDo.swift in Sources */ = {isa = PBXBuildFile; fileRef = CEC442B422E6399F007D0711 /* ToDo.swift */; };
		CEC442B722E639B9007D0711 /* AddNewToDoTaskHeaderView.swift in Sources */ = {isa = PBXBuildFile; fileRef = CEC442B622E639B9007D0711 /* AddNewToDoTaskHeaderView.swift */; };
		CEC442B922E63A17007D0711 /* Store.swift in Sources */ = {isa = PBXBuildFile; fileRef = CEC442B822E63A17007D0711 /* Store.swift */; };
		CEC442BB22E63B33007D0711 /* TaskRow.swift in Sources */ = {isa = PBXBuildFile; fileRef = CEC442BA22E63B33007D0711 /* TaskRow.swift */; };
		CEFCEB1722DDA5A0003A75A5 /* AppDelegate.swift in Sources */ = {isa = PBXBuildFile; fileRef = CEFCEB1622DDA5A0003A75A5 /* AppDelegate.swift */; };
		CEFCEB1922DDA5A0003A75A5 /* SceneDelegate.swift in Sources */ = {isa = PBXBuildFile; fileRef = CEFCEB1822DDA5A0003A75A5 /* SceneDelegate.swift */; };
		CEFCEB1B22DDA5A0003A75A5 /* HomeTasksView.swift in Sources */ = {isa = PBXBuildFile; fileRef = CEFCEB1A22DDA5A0003A75A5 /* HomeTasksView.swift */; };
		CEFCEB1D22DDA5A2003A75A5 /* Assets.xcassets in Resources */ = {isa = PBXBuildFile; fileRef = CEFCEB1C22DDA5A2003A75A5 /* Assets.xcassets */; };
		CEFCEB2022DDA5A2003A75A5 /* Preview Assets.xcassets in Resources */ = {isa = PBXBuildFile; fileRef = CEFCEB1F22DDA5A2003A75A5 /* Preview Assets.xcassets */; };
		CEFCEB2322DDA5A3003A75A5 /* LaunchScreen.storyboard in Resources */ = {isa = PBXBuildFile; fileRef = CEFCEB2122DDA5A3003A75A5 /* LaunchScreen.storyboard */; };
/* End PBXBuildFile section */

/* Begin PBXFileReference section */
		CE8E274D22E83FE200A559E2 /* Date+Extension.swift */ = {isa = PBXFileReference; lastKnownFileType = sourcecode.swift; path = "Date+Extension.swift"; sourceTree = "<group>"; };
		CEC442B422E6399F007D0711 /* ToDo.swift */ = {isa = PBXFileReference; lastKnownFileType = sourcecode.swift; path = ToDo.swift; sourceTree = "<group>"; };
		CEC442B622E639B9007D0711 /* AddNewToDoTaskHeaderView.swift */ = {isa = PBXFileReference; lastKnownFileType = sourcecode.swift; path = AddNewToDoTaskHeaderView.swift; sourceTree = "<group>"; };
		CEC442B822E63A17007D0711 /* Store.swift */ = {isa = PBXFileReference; lastKnownFileType = sourcecode.swift; path = Store.swift; sourceTree = "<group>"; };
		CEC442BA22E63B33007D0711 /* TaskRow.swift */ = {isa = PBXFileReference; lastKnownFileType = sourcecode.swift; path = TaskRow.swift; sourceTree = "<group>"; };
		CEFCEB1322DDA5A0003A75A5 /* TodoList SwiftUI.app */ = {isa = PBXFileReference; explicitFileType = wrapper.application; includeInIndex = 0; path = "TodoList SwiftUI.app"; sourceTree = BUILT_PRODUCTS_DIR; };
		CEFCEB1622DDA5A0003A75A5 /* AppDelegate.swift */ = {isa = PBXFileReference; lastKnownFileType = sourcecode.swift; path = AppDelegate.swift; sourceTree = "<group>"; };
		CEFCEB1822DDA5A0003A75A5 /* SceneDelegate.swift */ = {isa = PBXFileReference; lastKnownFileType = sourcecode.swift; path = SceneDelegate.swift; sourceTree = "<group>"; };
		CEFCEB1A22DDA5A0003A75A5 /* HomeTasksView.swift */ = {isa = PBXFileReference; lastKnownFileType = sourcecode.swift; path = HomeTasksView.swift; sourceTree = "<group>"; };
		CEFCEB1C22DDA5A2003A75A5 /* Assets.xcassets */ = {isa = PBXFileReference; lastKnownFileType = folder.assetcatalog; path = Assets.xcassets; sourceTree = "<group>"; };
		CEFCEB1F22DDA5A2003A75A5 /* Preview Assets.xcassets */ = {isa = PBXFileReference; lastKnownFileType = folder.assetcatalog; path = "Preview Assets.xcassets"; sourceTree = "<group>"; };
		CEFCEB2222DDA5A3003A75A5 /* Base */ = {isa = PBXFileReference; lastKnownFileType = file.storyboard; name = Base; path = Base.lproj/LaunchScreen.storyboard; sourceTree = "<group>"; };
		CEFCEB2422DDA5A3003A75A5 /* Info.plist */ = {isa = PBXFileReference; lastKnownFileType = text.plist.xml; path = Info.plist; sourceTree = "<group>"; };
/* End PBXFileReference section */

/* Begin PBXFrameworksBuildPhase section */
		CEFCEB1022DDA5A0003A75A5 /* Frameworks */ = {
			isa = PBXFrameworksBuildPhase;
			buildActionMask = 2147483647;
			files = (
			);
			runOnlyForDeploymentPostprocessing = 0;
		};
/* End PBXFrameworksBuildPhase section */

/* Begin PBXGroup section */
		CEFCEB0A22DDA5A0003A75A5 = {
			isa = PBXGroup;
			children = (
				CEFCEB1522DDA5A0003A75A5 /* TodoList SwiftUI */,
				CEFCEB1422DDA5A0003A75A5 /* Products */,
			);
			sourceTree = "<group>";
		};
		CEFCEB1422DDA5A0003A75A5 /* Products */ = {
			isa = PBXGroup;
			children = (
				CEFCEB1322DDA5A0003A75A5 /* TodoList SwiftUI.app */,
			);
			name = Products;
			sourceTree = "<group>";
		};
		CEFCEB1522DDA5A0003A75A5 /* TodoList SwiftUI */ = {
			isa = PBXGroup;
			children = (
				CEFCEB1622DDA5A0003A75A5 /* AppDelegate.swift */,
				CEFCEB1822DDA5A0003A75A5 /* SceneDelegate.swift */,
				CEFCEB1A22DDA5A0003A75A5 /* HomeTasksView.swift */,
				CEC442BA22E63B33007D0711 /* TaskRow.swift */,
				CE8E274D22E83FE200A559E2 /* Date+Extension.swift */,
				CEC442B622E639B9007D0711 /* AddNewToDoTaskHeaderView.swift */,
				CEC442B822E63A17007D0711 /* Store.swift */,
				CEC442B422E6399F007D0711 /* ToDo.swift */,
				CEFCEB1C22DDA5A2003A75A5 /* Assets.xcassets */,
				CEFCEB2122DDA5A3003A75A5 /* LaunchScreen.storyboard */,
				CEFCEB2422DDA5A3003A75A5 /* Info.plist */,
				CEFCEB1E22DDA5A2003A75A5 /* Preview Content */,
			);
			path = "TodoList SwiftUI";
			sourceTree = "<group>";
		};
		CEFCEB1E22DDA5A2003A75A5 /* Preview Content */ = {
			isa = PBXGroup;
			children = (
				CEFCEB1F22DDA5A2003A75A5 /* Preview Assets.xcassets */,
			);
			path = "Preview Content";
			sourceTree = "<group>";
		};
/* End PBXGroup section */

/* Begin PBXNativeTarget section */
		CEFCEB1222DDA5A0003A75A5 /* TodoList SwiftUI */ = {
			isa = PBXNativeTarget;
			buildConfigurationList = CEFCEB2722DDA5A3003A75A5 /* Build configuration list for PBXNativeTarget "TodoList SwiftUI" */;
			buildPhases = (
				CEFCEB0F22DDA5A0003A75A5 /* Sources */,
				CEFCEB1022DDA5A0003A75A5 /* Frameworks */,
				CEFCEB1122DDA5A0003A75A5 /* Resources */,
			);
			buildRules = (
			);
			dependencies = (
			);
			name = "TodoList SwiftUI";
			productName = "TodoList SwiftUI";
			productReference = CEFCEB1322DDA5A0003A75A5 /* TodoList SwiftUI.app */;
			productType = "com.apple.product-type.application";
		};
/* End PBXNativeTarget section */

/* Begin PBXProject section */
		CEFCEB0B22DDA5A0003A75A5 /* Project object */ = {
			isa = PBXProject;
			attributes = {
				LastSwiftUpdateCheck = 1100;
				LastUpgradeCheck = 1100;
				ORGANIZATIONNAME = Heptagon;
				TargetAttributes = {
					CEFCEB1222DDA5A0003A75A5 = {
						CreatedOnToolsVersion = 11.0;
					};
				};
			};
			buildConfigurationList = CEFCEB0E22DDA5A0003A75A5 /* Build configuration list for PBXProject "TodoList SwiftUI" */;
			compatibilityVersion = "Xcode 9.3";
			developmentRegion = en;
			hasScannedForEncodings = 0;
			knownRegions = (
				en,
				Base,
			);
			mainGroup = CEFCEB0A22DDA5A0003A75A5;
			productRefGroup = CEFCEB1422DDA5A0003A75A5 /* Products */;
			projectDirPath = "";
			projectRoot = "";
			targets = (
				CEFCEB1222DDA5A0003A75A5 /* TodoList SwiftUI */,
			);
		};
/* End PBXProject section */

/* Begin PBXResourcesBuildPhase section */
		CEFCEB1122DDA5A0003A75A5 /* Resources */ = {
			isa = PBXResourcesBuildPhase;
			buildActionMask = 2147483647;
			files = (
				CEFCEB2322DDA5A3003A75A5 /* LaunchScreen.storyboard in Resources */,
				CEFCEB2022DDA5A2003A75A5 /* Preview Assets.xcassets in Resources */,
				CEFCEB1D22DDA5A2003A75A5 /* Assets.xcassets in Resources */,
			);
			runOnlyForDeploymentPostprocessing = 0;
		};
/* End PBXResourcesBuildPhase section */

/* Begin PBXSourcesBuildPhase section */
		CEFCEB0F22DDA5A0003A75A5 /* Sources */ = {
			isa = PBXSourcesBuildPhase;
			buildActionMask = 2147483647;
			files = (
				CEFCEB1722DDA5A0003A75A5 /* AppDelegate.swift in Sources */,
				CEFCEB1922DDA5A0003A75A5 /* SceneDelegate.swift in Sources */,
				CEFCEB1B22DDA5A0003A75A5 /* HomeTasksView.swift in Sources */,
				CEC442B922E63A17007D0711 /* Store.swift in Sources */,
				CEC442B722E639B9007D0711 /* AddNewToDoTaskHeaderView.swift in Sources */,
				CE8E274E22E83FE200A559E2 /* Date+Extension.swift in Sources */,
				CEC442BB22E63B33007D0711 /* TaskRow.swift in Sources */,
				CEC442B522E6399F007D0711 /* ToDo.swift in Sources */,
			);
			runOnlyForDeploymentPostprocessing = 0;
		};
/* End PBXSourcesBuildPhase section */

/* Begin PBXVariantGroup section */
		CEFCEB2122DDA5A3003A75A5 /* LaunchScreen.storyboard */ = {
			isa = PBXVariantGroup;
			children = (
				CEFCEB2222DDA5A3003A75A5 /* Base */,
			);
			name = LaunchScreen.storyboard;
			sourceTree = "<group>";
		};
/* End PBXVariantGroup section */

/* Begin XCBuildConfiguration section */
		CEFCEB2522DDA5A3003A75A5 /* Debug */ = {
			isa = XCBuildConfiguration;
			buildSettings = {
				ALWAYS_SEARCH_USER_PATHS = NO;
				CLANG_ANALYZER_NONNULL = YES;
				CLANG_ANALYZER_NUMBER_OBJECT_CONVERSION = YES_AGGRESSIVE;
				CLANG_CXX_LANGUAGE_STANDARD = "gnu++14";
				CLANG_CXX_LIBRARY = "libc++";
				CLANG_ENABLE_MODULES = YES;
				CLANG_ENABLE_OBJC_ARC = YES;
				CLANG_ENABLE_OBJC_WEAK = YES;
				CLANG_WARN_BLOCK_CAPTURE_AUTORELEASING = YES;
				CLANG_WARN_BOOL_CONVERSION = YES;
				CLANG_WARN_COMMA = YES;
				CLANG_WARN_CONSTANT_CONVERSION = YES;
				CLANG_WARN_DEPRECATED_OBJC_IMPLEMENTATIONS = YES;
				CLANG_WARN_DIRECT_OBJC_ISA_USAGE = YES_ERROR;
				CLANG_WARN_DOCUMENTATION_COMMENTS = YES;
				CLANG_WARN_EMPTY_BODY = YES;
				CLANG_WARN_ENUM_CONVERSION = YES;
				CLANG_WARN_INFINITE_RECURSION = YES;
				CLANG_WARN_INT_CONVERSION = YES;
				CLANG_WARN_NON_LITERAL_NULL_CONVERSION = YES;
				CLANG_WARN_OBJC_IMPLICIT_RETAIN_SELF = YES;
				CLANG_WARN_OBJC_LITERAL_CONVERSION = YES;
				CLANG_WARN_OBJC_ROOT_CLASS = YES_ERROR;
				CLANG_WARN_RANGE_LOOP_ANALYSIS = YES;
				CLANG_WARN_STRICT_PROTOTYPES = YES;
				CLANG_WARN_SUSPICIOUS_MOVE = YES;
				CLANG_WARN_UNGUARDED_AVAILABILITY = YES_AGGRESSIVE;
				CLANG_WARN_UNREACHABLE_CODE = YES;
				CLANG_WARN__DUPLICATE_METHOD_MATCH = YES;
				COPY_PHASE_STRIP = NO;
				DEBUG_INFORMATION_FORMAT = dwarf;
				ENABLE_STRICT_OBJC_MSGSEND = YES;
				ENABLE_TESTABILITY = YES;
				GCC_C_LANGUAGE_STANDARD = gnu11;
				GCC_DYNAMIC_NO_PIC = NO;
				GCC_NO_COMMON_BLOCKS = YES;
				GCC_OPTIMIZATION_LEVEL = 0;
				GCC_PREPROCESSOR_DEFINITIONS = (
					"DEBUG=1",
					"$(inherited)",
				);
				GCC_WARN_64_TO_32_BIT_CONVERSION = YES;
				GCC_WARN_ABOUT_RETURN_TYPE = YES_ERROR;
				GCC_WARN_UNDECLARED_SELECTOR = YES;
				GCC_WARN_UNINITIALIZED_AUTOS = YES_AGGRESSIVE;
				GCC_WARN_UNUSED_FUNCTION = YES;
				GCC_WARN_UNUSED_VARIABLE = YES;
				IPHONEOS_DEPLOYMENT_TARGET = 13.0;
				MTL_ENABLE_DEBUG_INFO = INCLUDE_SOURCE;
				MTL_FAST_MATH = YES;
				ONLY_ACTIVE_ARCH = YES;
				SDKROOT = iphoneos;
				SWIFT_ACTIVE_COMPILATION_CONDITIONS = DEBUG;
				SWIFT_OPTIMIZATION_LEVEL = "-Onone";
			};
			name = Debug;
		};
		CEFCEB2622DDA5A3003A75A5 /* Release */ = {
			isa = XCBuildConfiguration;
			buildSettings = {
				ALWAYS_SEARCH_USER_PATHS = NO;
				CLANG_ANALYZER_NONNULL = YES;
				CLANG_ANALYZER_NUMBER_OBJECT_CONVERSION = YES_AGGRESSIVE;
				CLANG_CXX_LANGUAGE_STANDARD = "gnu++14";
				CLANG_CXX_LIBRARY = "libc++";
				CLANG_ENABLE_MODULES = YES;
				CLANG_ENABLE_OBJC_ARC = YES;
				CLANG_ENABLE_OBJC_WEAK = YES;
				CLANG_WARN_BLOCK_CAPTURE_AUTORELEASING = YES;
				CLANG_WARN_BOOL_CONVERSION = YES;
				CLANG_WARN_COMMA = YES;
				CLANG_WARN_CONSTANT_CONVERSION = YES;
				CLANG_WARN_DEPRECATED_OBJC_IMPLEMENTATIONS = YES;
				CLANG_WARN_DIRECT_OBJC_ISA_USAGE = YES_ERROR;
				CLANG_WARN_DOCUMENTATION_COMMENTS = YES;
				CLANG_WARN_EMPTY_BODY = YES;
				CLANG_WARN_ENUM_CONVERSION = YES;
				CLANG_WARN_INFINITE_RECURSION = YES;
				CLANG_WARN_INT_CONVERSION = YES;
				CLANG_WARN_NON_LITERAL_NULL_CONVERSION = YES;
				CLANG_WARN_OBJC_IMPLICIT_RETAIN_SELF = YES;
				CLANG_WARN_OBJC_LITERAL_CONVERSION = YES;
				CLANG_WARN_OBJC_ROOT_CLASS = YES_ERROR;
				CLANG_WARN_RANGE_LOOP_ANALYSIS = YES;
				CLANG_WARN_STRICT_PROTOTYPES = YES;
				CLANG_WARN_SUSPICIOUS_MOVE = YES;
				CLANG_WARN_UNGUARDED_AVAILABILITY = YES_AGGRESSIVE;
				CLANG_WARN_UNREACHABLE_CODE = YES;
				CLANG_WARN__DUPLICATE_METHOD_MATCH = YES;
				COPY_PHASE_STRIP = NO;
				DEBUG_INFORMATION_FORMAT = "dwarf-with-dsym";
				ENABLE_NS_ASSERTIONS = NO;
				ENABLE_STRICT_OBJC_MSGSEND = YES;
				GCC_C_LANGUAGE_STANDARD = gnu11;
				GCC_NO_COMMON_BLOCKS = YES;
				GCC_WARN_64_TO_32_BIT_CONVERSION = YES;
				GCC_WARN_ABOUT_RETURN_TYPE = YES_ERROR;
				GCC_WARN_UNDECLARED_SELECTOR = YES;
				GCC_WARN_UNINITIALIZED_AUTOS = YES_AGGRESSIVE;
				GCC_WARN_UNUSED_FUNCTION = YES;
				GCC_WARN_UNUSED_VARIABLE = YES;
				IPHONEOS_DEPLOYMENT_TARGET = 13.0;
				MTL_ENABLE_DEBUG_INFO = NO;
				MTL_FAST_MATH = YES;
				SDKROOT = iphoneos;
				SWIFT_COMPILATION_MODE = wholemodule;
				SWIFT_OPTIMIZATION_LEVEL = "-O";
				VALIDATE_PRODUCT = YES;
			};
			name = Release;
		};
		CEFCEB2822DDA5A3003A75A5 /* Debug */ = {
			isa = XCBuildConfiguration;
			buildSettings = {
				ASSETCATALOG_COMPILER_APPICON_NAME = AppIcon;
				CODE_SIGN_STYLE = Automatic;
				DEVELOPMENT_ASSET_PATHS = "\"TodoList SwiftUI\"/Preview\\ Content";
				DEVELOPMENT_TEAM = UQ634A2945;
				ENABLE_PREVIEWS = YES;
				INFOPLIST_FILE = "TodoList SwiftUI/Info.plist";
				LD_RUNPATH_SEARCH_PATHS = (
					"$(inherited)",
					"@executable_path/Frameworks",
				);
				PRODUCT_BUNDLE_IDENTIFIER = "com.heptagon.TodoList-SwiftUI";
				PRODUCT_NAME = "$(TARGET_NAME)";
				SWIFT_VERSION = 5.0;
				TARGETED_DEVICE_FAMILY = "1,2";
			};
			name = Debug;
		};
		CEFCEB2922DDA5A3003A75A5 /* Release */ = {
			isa = XCBuildConfiguration;
			buildSettings = {
				ASSETCATALOG_COMPILER_APPICON_NAME = AppIcon;
				CODE_SIGN_STYLE = Automatic;
				DEVELOPMENT_ASSET_PATHS = "\"TodoList SwiftUI\"/Preview\\ Content";
				DEVELOPMENT_TEAM = UQ634A2945;
				ENABLE_PREVIEWS = YES;
				INFOPLIST_FILE = "TodoList SwiftUI/Info.plist";
				LD_RUNPATH_SEARCH_PATHS = (
					"$(inherited)",
					"@executable_path/Frameworks",
				);
				PRODUCT_BUNDLE_IDENTIFIER = "com.heptagon.TodoList-SwiftUI";
				PRODUCT_NAME = "$(TARGET_NAME)";
				SWIFT_VERSION = 5.0;
				TARGETED_DEVICE_FAMILY = "1,2";
			};
			name = Release;
		};
/* End XCBuildConfiguration section */

/* Begin XCConfigurationList section */
		CEFCEB0E22DDA5A0003A75A5 /* Build configuration list for PBXProject "TodoList SwiftUI" */ = {
			isa = XCConfigurationList;
			buildConfigurations = (
				CEFCEB2522DDA5A3003A75A5 /* Debug */,
				CEFCEB2622DDA5A3003A75A5 /* Release */,
			);
			defaultConfigurationIsVisible = 0;
			defaultConfigurationName = Release;
		};
		CEFCEB2722DDA5A3003A75A5 /* Build configuration list for PBXNativeTarget "TodoList SwiftUI" */ = {
			isa = XCConfigurationList;
			buildConfigurations = (
				CEFCEB2822DDA5A3003A75A5 /* Debug */,
				CEFCEB2922DDA5A3003A75A5 /* Release */,
			);
			defaultConfigurationIsVisible = 0;
			defaultConfigurationName = Release;
		};
/* End XCConfigurationList section */
	};
	rootObject = CEFCEB0B22DDA5A0003A75A5 /* Project object */;
}
